
Microsoft Visual Studio Solution File, Format Version 12.00
# Visual Studio Version 17
VisualStudioVersion = 17.0.31903.59
MinimumVisualStudioVersion = 10.0.40219.1
Project("{FAE04EC0-301F-11D3-BF4B-00C04F79EFBC}") = "TicketsServer.Api", "TicketsServer.Api\TicketsServer.Api.csproj", "{0F81BFC4-30B6-447E-B258-863D5D90901F}"
EndProject
Project("{FAE04EC0-301F-11D3-BF4B-00C04F79EFBC}") = "TicketsServer.Tests", "TicketsServer.Tests\TicketsServer.Tests.csproj", "{F5590786-BBA8-40A3-820F-7FE2C01414D2}"
EndProject
Global
	GlobalSection(SolutionConfigurationPlatforms) = preSolution
		Debug|Any CPU = Debug|Any CPU
		Release|Any CPU = Release|Any CPU
	EndGlobalSection
	GlobalSection(SolutionProperties) = preSolution
		HideSolutionNode = FALSE
	EndGlobalSection
	GlobalSection(ProjectConfigurationPlatforms) = postSolution
		{0F81BFC4-30B6-447E-B258-863D5D90901F}.Debug|Any CPU.ActiveCfg = Debug|Any CPU
		{0F81BFC4-30B6-447E-B258-863D5D90901F}.Debug|Any CPU.Build.0 = Debug|Any CPU
		{0F81BFC4-30B6-447E-B258-863D5D90901F}.Release|Any CPU.ActiveCfg = Release|Any CPU
		{0F81BFC4-30B6-447E-B258-863D5D90901F}.Release|Any CPU.Build.0 = Release|Any CPU
		{F5590786-BBA8-40A3-820F-7FE2C01414D2}.Debug|Any CPU.ActiveCfg = Debug|Any CPU
		{F5590786-BBA8-40A3-820F-7FE2C01414D2}.Debug|Any CPU.Build.0 = Debug|Any CPU
		{F5590786-BBA8-40A3-820F-7FE2C01414D2}.Release|Any CPU.ActiveCfg = Release|Any CPU
		{F5590786-BBA8-40A3-820F-7FE2C01414D2}.Release|Any CPU.Build.0 = Release|Any CPU
	EndGlobalSection
EndGlobal
